
Microsoft Visual Studio Solution File, Format Version 12.00
# Visual Studio Version 16
VisualStudioVersion = 16.0.29709.97
MinimumVisualStudioVersion = 10.0.40219.1
Project("{FAE04EC0-301F-11D3-BF4B-00C04F79EFBC}") = "Jep.Server", "Jep\Server\Jep.Server.csproj", "{C476DA29-2682-4CB3-8497-9C2B0E870F9A}"
EndProject
Project("{FAE04EC0-301F-11D3-BF4B-00C04F79EFBC}") = "Jep.Client", "Jep\Client\Jep.Client.csproj", "{CA076DAA-CADF-4F16-8AB7-2FAE0FDDF492}"
EndProject
Project("{FAE04EC0-301F-11D3-BF4B-00C04F79EFBC}") = "Jep.Shared", "Jep\Shared\Jep.Shared.csproj", "{A7C483ED-E8A6-49DA-9F8B-DFCE9B89C5DD}"
EndProject
Global
	GlobalSection(SolutionConfigurationPlatforms) = preSolution
		Debug|Any CPU = Debug|Any CPU
		Release|Any CPU = Release|Any CPU
	EndGlobalSection
	GlobalSection(ProjectConfigurationPlatforms) = postSolution
		{C476DA29-2682-4CB3-8497-9C2B0E870F9A}.Debug|Any CPU.ActiveCfg = Debug|Any CPU
		{C476DA29-2682-4CB3-8497-9C2B0E870F9A}.Debug|Any CPU.Build.0 = Debug|Any CPU
		{C476DA29-2682-4CB3-8497-9C2B0E870F9A}.Release|Any CPU.ActiveCfg = Release|Any CPU
		{C476DA29-2682-4CB3-8497-9C2B0E870F9A}.Release|Any CPU.Build.0 = Release|Any CPU
		{CA076DAA-CADF-4F16-8AB7-2FAE0FDDF492}.Debug|Any CPU.ActiveCfg = Debug|Any CPU
		{CA076DAA-CADF-4F16-8AB7-2FAE0FDDF492}.Debug|Any CPU.Build.0 = Debug|Any CPU
		{CA076DAA-CADF-4F16-8AB7-2FAE0FDDF492}.Release|Any CPU.ActiveCfg = Release|Any CPU
		{CA076DAA-CADF-4F16-8AB7-2FAE0FDDF492}.Release|Any CPU.Build.0 = Release|Any CPU
		{A7C483ED-E8A6-49DA-9F8B-DFCE9B89C5DD}.Debug|Any CPU.ActiveCfg = Debug|Any CPU
		{A7C483ED-E8A6-49DA-9F8B-DFCE9B89C5DD}.Debug|Any CPU.Build.0 = Debug|Any CPU
		{A7C483ED-E8A6-49DA-9F8B-DFCE9B89C5DD}.Release|Any CPU.ActiveCfg = Release|Any CPU
		{A7C483ED-E8A6-49DA-9F8B-DFCE9B89C5DD}.Release|Any CPU.Build.0 = Release|Any CPU
	EndGlobalSection
	GlobalSection(SolutionProperties) = preSolution
		HideSolutionNode = FALSE
	EndGlobalSection
	GlobalSection(ExtensibilityGlobals) = postSolution
		SolutionGuid = {2272B823-AD3F-40A2-9896-E47DD40F0BDE}
	EndGlobalSection
EndGlobal
